
Microsoft Visual Studio Solution File, Format Version 12.00
# Visual Studio Version 16
VisualStudioVersion = 16.0.29519.87
MinimumVisualStudioVersion = 10.0.40219.1
Project("{9A19103F-16F7-4668-BE54-9A1E7A4F7556}") = "Lstech.Api", "Lstech.Api\Lstech.Api.csproj", "{D655F5E4-2A92-42FD-946C-F341CDECAEF2}"
EndProject
Project("{9A19103F-16F7-4668-BE54-9A1E7A4F7556}") = "Lstech.Common", "Lstech.Common\Lstech.Common.csproj", "{6327B154-B2B0-470B-9948-0DA18008DDBE}"
EndProject
Project("{9A19103F-16F7-4668-BE54-9A1E7A4F7556}") = "Lstech.Design", "Lstech.Design\Lstech.Design.csproj", "{C05A01D4-ABE0-48FE-BCCA-DA6784205A9F}"
EndProject
Project("{9A19103F-16F7-4668-BE54-9A1E7A4F7556}") = "Lstech.Utility", "Lstech.Utility\Lstech.Utility.csproj", "{6967F5B3-8403-49A6-A9E5-4C11A55A6CA0}"
EndProject
Project("{9A19103F-16F7-4668-BE54-9A1E7A4F7556}") = "Lstech.Test", "Lstech.Test\Lstech.Test.csproj", "{2C9E5BE3-9F43-4CA7-9AE0-A04808ACF456}"
EndProject
Project("{2150E333-8FDC-42A3-9474-1A3956D46DE8}") = "EntityLayers", "EntityLayers", "{2E3A64AE-983D-465E-B560-4E038BAE2F29}"
EndProject
Project("{9A19103F-16F7-4668-BE54-9A1E7A4F7556}") = "Lstech.Dtos", "Lstech.Dtos\Lstech.Dtos.csproj", "{859F75AD-4CC5-4F55-939A-2F7E7BEEF639}"
EndProject
Project("{9A19103F-16F7-4668-BE54-9A1E7A4F7556}") = "Lstech.Entities", "Lstech.Entities\Lstech.Entities.csproj", "{5A494207-E60E-4A9E-A515-D63E39B163A5}"
EndProject
Project("{9A19103F-16F7-4668-BE54-9A1E7A4F7556}") = "Lstech.Models", "Lstech.Models\Lstech.Models.csproj", "{E1468236-24E6-46EB-8F46-5C57EDFB0AB0}"
EndProject
Project("{2150E333-8FDC-42A3-9474-1A3956D46DE8}") = "ManagerLayers", "ManagerLayers", "{639B7410-5BEC-4923-B772-029F83B55381}"
EndProject
Project("{2150E333-8FDC-42A3-9474-1A3956D46DE8}") = "Base", "Base", "{2CDA28B9-D5D4-4BCF-AD67-5744000A4064}"
EndProject
Project("{9A19103F-16F7-4668-BE54-9A1E7A4F7556}") = "Lstech.BaseManager", "Lstech.BaseManager\Lstech.BaseManager.csproj", "{D8ACA61A-C24B-40F6-9428-A4E07EE41531}"
EndProject
Project("{9A19103F-16F7-4668-BE54-9A1E7A4F7556}") = "Lstech.IBaseManager", "Lstech.IBaseManager\Lstech.IBaseManager.csproj", "{F79CB330-E381-484A-AAED-C0B92811ADE5}"
EndProject
Project("{9A19103F-16F7-4668-BE54-9A1E7A4F7556}") = "Lstech.FrameManager", "Lstech.FrameManager\Lstech.FrameManager.csproj", "{B0191CDA-7323-4F44-A93C-1046D3C37F01}"
EndProject
Project("{9A19103F-16F7-4668-BE54-9A1E7A4F7556}") = "Lstech.IFrameManager", "Lstech.IFrameManager\Lstech.IFrameManager.csproj", "{FDF10105-57E3-4628-8EBD-6CC63AAD89D3}"
EndProject
Project("{2150E333-8FDC-42A3-9474-1A3956D46DE8}") = "ServiceLayers", "ServiceLayers", "{C17E5757-2CCA-48FC-A339-AB61D50B7A8B}"
EndProject
Project("{9A19103F-16F7-4668-BE54-9A1E7A4F7556}") = "Lstech.FrameService", "Lstech.FrameService\Lstech.FrameService.csproj", "{EE95FDE4-34B1-49FC-A6CA-4B17F7CA4335}"
EndProject
Project("{9A19103F-16F7-4668-BE54-9A1E7A4F7556}") = "Lstech.IFrameService", "Lstech.IFrameService\Lstech.IFrameService.csproj", "{6936B65F-E5D3-4485-8E41-53C62B1A67B5}"
EndProject
Project("{FAE04EC0-301F-11D3-BF4B-00C04F79EFBC}") = "Lstech.PC.HealthService", "Lstech.PC.HealthService\Lstech.PC.HealthService.csproj", "{D7CF01B5-A8E7-4BF7-A938-027A8DF8CF1E}"
EndProject
Project("{FAE04EC0-301F-11D3-BF4B-00C04F79EFBC}") = "Lstech.Mobile.HealthService", "Lstech.Mobile.HealthService\Lstech.Mobile.HealthService.csproj", "{3A5B72D7-213E-42FE-91A6-FCE7C3B84B25}"
EndProject
Project("{FAE04EC0-301F-11D3-BF4B-00C04F79EFBC}") = "Lstech.PC.IHealthService", "Lstech.PC.IHealthService\Lstech.PC.IHealthService.csproj", "{93D77972-223C-4CB2-98D9-973F24446047}"
EndProject
Project("{FAE04EC0-301F-11D3-BF4B-00C04F79EFBC}") = "Lstech.Mobile.IHealthService", "Lstech.Mobile.IHealthService\Lstech.Mobile.IHealthService.csproj", "{21461342-3CCD-40D3-B581-5C26A1ACF0A2}"
EndProject
Project("{FAE04EC0-301F-11D3-BF4B-00C04F79EFBC}") = "Lstech.PC.HealthManager", "Lstech.PC.HealthManager\Lstech.PC.HealthManager.csproj", "{33DCE507-DE35-427C-863F-1DB80F309AC0}"
EndProject
Project("{FAE04EC0-301F-11D3-BF4B-00C04F79EFBC}") = "Lstech.PC.IHealthManager", "Lstech.PC.IHealthManager\Lstech.PC.IHealthManager.csproj", "{5F9744E2-FD2F-4C64-9AD2-82D1129C8660}"
EndProject
Project("{FAE04EC0-301F-11D3-BF4B-00C04F79EFBC}") = "Lstech.Mobile.HealthManager", "Lstech.Mobile.HealthManager\Lstech.Mobile.HealthManager.csproj", "{675EAA92-18C3-46C5-8844-96F356CF1289}"
EndProject
Project("{FAE04EC0-301F-11D3-BF4B-00C04F79EFBC}") = "Lstech.Mobile.IHealthManager", "Lstech.Mobile.IHealthManager\Lstech.Mobile.IHealthManager.csproj", "{6961E61C-B74F-480F-889F-182A2AE5309E}"
EndProject
Global
	GlobalSection(SolutionConfigurationPlatforms) = preSolution
		Debug|Any CPU = Debug|Any CPU
		Release|Any CPU = Release|Any CPU
	EndGlobalSection
	GlobalSection(ProjectConfigurationPlatforms) = postSolution
		{D655F5E4-2A92-42FD-946C-F341CDECAEF2}.Debug|Any CPU.ActiveCfg = Debug|Any CPU
		{D655F5E4-2A92-42FD-946C-F341CDECAEF2}.Debug|Any CPU.Build.0 = Debug|Any CPU
		{D655F5E4-2A92-42FD-946C-F341CDECAEF2}.Release|Any CPU.ActiveCfg = Release|Any CPU
		{D655F5E4-2A92-42FD-946C-F341CDECAEF2}.Release|Any CPU.Build.0 = Release|Any CPU
		{6327B154-B2B0-470B-9948-0DA18008DDBE}.Debug|Any CPU.ActiveCfg = Debug|Any CPU
		{6327B154-B2B0-470B-9948-0DA18008DDBE}.Debug|Any CPU.Build.0 = Debug|Any CPU
		{6327B154-B2B0-470B-9948-0DA18008DDBE}.Release|Any CPU.ActiveCfg = Release|Any CPU
		{6327B154-B2B0-470B-9948-0DA18008DDBE}.Release|Any CPU.Build.0 = Release|Any CPU
		{C05A01D4-ABE0-48FE-BCCA-DA6784205A9F}.Debug|Any CPU.ActiveCfg = Debug|Any CPU
		{C05A01D4-ABE0-48FE-BCCA-DA6784205A9F}.Debug|Any CPU.Build.0 = Debug|Any CPU
		{C05A01D4-ABE0-48FE-BCCA-DA6784205A9F}.Release|Any CPU.ActiveCfg = Release|Any CPU
		{C05A01D4-ABE0-48FE-BCCA-DA6784205A9F}.Release|Any CPU.Build.0 = Release|Any CPU
		{6967F5B3-8403-49A6-A9E5-4C11A55A6CA0}.Debug|Any CPU.ActiveCfg = Debug|Any CPU
		{6967F5B3-8403-49A6-A9E5-4C11A55A6CA0}.Debug|Any CPU.Build.0 = Debug|Any CPU
		{6967F5B3-8403-49A6-A9E5-4C11A55A6CA0}.Release|Any CPU.ActiveCfg = Release|Any CPU
		{6967F5B3-8403-49A6-A9E5-4C11A55A6CA0}.Release|Any CPU.Build.0 = Release|Any CPU
		{2C9E5BE3-9F43-4CA7-9AE0-A04808ACF456}.Debug|Any CPU.ActiveCfg = Debug|Any CPU
		{2C9E5BE3-9F43-4CA7-9AE0-A04808ACF456}.Debug|Any CPU.Build.0 = Debug|Any CPU
		{2C9E5BE3-9F43-4CA7-9AE0-A04808ACF456}.Release|Any CPU.ActiveCfg = Release|Any CPU
		{2C9E5BE3-9F43-4CA7-9AE0-A04808ACF456}.Release|Any CPU.Build.0 = Release|Any CPU
		{859F75AD-4CC5-4F55-939A-2F7E7BEEF639}.Debug|Any CPU.ActiveCfg = Debug|Any CPU
		{859F75AD-4CC5-4F55-939A-2F7E7BEEF639}.Debug|Any CPU.Build.0 = Debug|Any CPU
		{859F75AD-4CC5-4F55-939A-2F7E7BEEF639}.Release|Any CPU.ActiveCfg = Release|Any CPU
		{859F75AD-4CC5-4F55-939A-2F7E7BEEF639}.Release|Any CPU.Build.0 = Release|Any CPU
		{5A494207-E60E-4A9E-A515-D63E39B163A5}.Debug|Any CPU.ActiveCfg = Debug|Any CPU
		{5A494207-E60E-4A9E-A515-D63E39B163A5}.Debug|Any CPU.Build.0 = Debug|Any CPU
		{5A494207-E60E-4A9E-A515-D63E39B163A5}.Release|Any CPU.ActiveCfg = Release|Any CPU
		{5A494207-E60E-4A9E-A515-D63E39B163A5}.Release|Any CPU.Build.0 = Release|Any CPU
		{E1468236-24E6-46EB-8F46-5C57EDFB0AB0}.Debug|Any CPU.ActiveCfg = Debug|Any CPU
		{E1468236-24E6-46EB-8F46-5C57EDFB0AB0}.Debug|Any CPU.Build.0 = Debug|Any CPU
		{E1468236-24E6-46EB-8F46-5C57EDFB0AB0}.Release|Any CPU.ActiveCfg = Release|Any CPU
		{E1468236-24E6-46EB-8F46-5C57EDFB0AB0}.Release|Any CPU.Build.0 = Release|Any CPU
		{D8ACA61A-C24B-40F6-9428-A4E07EE41531}.Debug|Any CPU.ActiveCfg = Debug|Any CPU
		{D8ACA61A-C24B-40F6-9428-A4E07EE41531}.Debug|Any CPU.Build.0 = Debug|Any CPU
		{D8ACA61A-C24B-40F6-9428-A4E07EE41531}.Release|Any CPU.ActiveCfg = Release|Any CPU
		{D8ACA61A-C24B-40F6-9428-A4E07EE41531}.Release|Any CPU.Build.0 = Release|Any CPU
		{F79CB330-E381-484A-AAED-C0B92811ADE5}.Debug|Any CPU.ActiveCfg = Debug|Any CPU
		{F79CB330-E381-484A-AAED-C0B92811ADE5}.Debug|Any CPU.Build.0 = Debug|Any CPU
		{F79CB330-E381-484A-AAED-C0B92811ADE5}.Release|Any CPU.ActiveCfg = Release|Any CPU
		{F79CB330-E381-484A-AAED-C0B92811ADE5}.Release|Any CPU.Build.0 = Release|Any CPU
		{B0191CDA-7323-4F44-A93C-1046D3C37F01}.Debug|Any CPU.ActiveCfg = Debug|Any CPU
		{B0191CDA-7323-4F44-A93C-1046D3C37F01}.Debug|Any CPU.Build.0 = Debug|Any CPU
		{B0191CDA-7323-4F44-A93C-1046D3C37F01}.Release|Any CPU.ActiveCfg = Release|Any CPU
		{B0191CDA-7323-4F44-A93C-1046D3C37F01}.Release|Any CPU.Build.0 = Release|Any CPU
		{FDF10105-57E3-4628-8EBD-6CC63AAD89D3}.Debug|Any CPU.ActiveCfg = Debug|Any CPU
		{FDF10105-57E3-4628-8EBD-6CC63AAD89D3}.Debug|Any CPU.Build.0 = Debug|Any CPU
		{FDF10105-57E3-4628-8EBD-6CC63AAD89D3}.Release|Any CPU.ActiveCfg = Release|Any CPU
		{FDF10105-57E3-4628-8EBD-6CC63AAD89D3}.Release|Any CPU.Build.0 = Release|Any CPU
		{EE95FDE4-34B1-49FC-A6CA-4B17F7CA4335}.Debug|Any CPU.ActiveCfg = Debug|Any CPU
		{EE95FDE4-34B1-49FC-A6CA-4B17F7CA4335}.Debug|Any CPU.Build.0 = Debug|Any CPU
		{EE95FDE4-34B1-49FC-A6CA-4B17F7CA4335}.Release|Any CPU.ActiveCfg = Release|Any CPU
		{EE95FDE4-34B1-49FC-A6CA-4B17F7CA4335}.Release|Any CPU.Build.0 = Release|Any CPU
		{6936B65F-E5D3-4485-8E41-53C62B1A67B5}.Debug|Any CPU.ActiveCfg = Debug|Any CPU
		{6936B65F-E5D3-4485-8E41-53C62B1A67B5}.Debug|Any CPU.Build.0 = Debug|Any CPU
		{6936B65F-E5D3-4485-8E41-53C62B1A67B5}.Release|Any CPU.ActiveCfg = Release|Any CPU
		{6936B65F-E5D3-4485-8E41-53C62B1A67B5}.Release|Any CPU.Build.0 = Release|Any CPU
		{D7CF01B5-A8E7-4BF7-A938-027A8DF8CF1E}.Debug|Any CPU.ActiveCfg = Debug|Any CPU
		{D7CF01B5-A8E7-4BF7-A938-027A8DF8CF1E}.Debug|Any CPU.Build.0 = Debug|Any CPU
		{D7CF01B5-A8E7-4BF7-A938-027A8DF8CF1E}.Release|Any CPU.ActiveCfg = Release|Any CPU
		{D7CF01B5-A8E7-4BF7-A938-027A8DF8CF1E}.Release|Any CPU.Build.0 = Release|Any CPU
		{3A5B72D7-213E-42FE-91A6-FCE7C3B84B25}.Debug|Any CPU.ActiveCfg = Debug|Any CPU
		{3A5B72D7-213E-42FE-91A6-FCE7C3B84B25}.Debug|Any CPU.Build.0 = Debug|Any CPU
		{3A5B72D7-213E-42FE-91A6-FCE7C3B84B25}.Release|Any CPU.ActiveCfg = Release|Any CPU
		{3A5B72D7-213E-42FE-91A6-FCE7C3B84B25}.Release|Any CPU.Build.0 = Release|Any CPU
		{93D77972-223C-4CB2-98D9-973F24446047}.Debug|Any CPU.ActiveCfg = Debug|Any CPU
		{93D77972-223C-4CB2-98D9-973F24446047}.Debug|Any CPU.Build.0 = Debug|Any CPU
		{93D77972-223C-4CB2-98D9-973F24446047}.Release|Any CPU.ActiveCfg = Release|Any CPU
		{93D77972-223C-4CB2-98D9-973F24446047}.Release|Any CPU.Build.0 = Release|Any CPU
		{21461342-3CCD-40D3-B581-5C26A1ACF0A2}.Debug|Any CPU.ActiveCfg = Debug|Any CPU
		{21461342-3CCD-40D3-B581-5C26A1ACF0A2}.Debug|Any CPU.Build.0 = Debug|Any CPU
		{21461342-3CCD-40D3-B581-5C26A1ACF0A2}.Release|Any CPU.ActiveCfg = Release|Any CPU
		{21461342-3CCD-40D3-B581-5C26A1ACF0A2}.Release|Any CPU.Build.0 = Release|Any CPU
		{33DCE507-DE35-427C-863F-1DB80F309AC0}.Debug|Any CPU.ActiveCfg = Debug|Any CPU
		{33DCE507-DE35-427C-863F-1DB80F309AC0}.Debug|Any CPU.Build.0 = Debug|Any CPU
		{33DCE507-DE35-427C-863F-1DB80F309AC0}.Release|Any CPU.ActiveCfg = Release|Any CPU
		{33DCE507-DE35-427C-863F-1DB80F309AC0}.Release|Any CPU.Build.0 = Release|Any CPU
		{5F9744E2-FD2F-4C64-9AD2-82D1129C8660}.Debug|Any CPU.ActiveCfg = Debug|Any CPU
		{5F9744E2-FD2F-4C64-9AD2-82D1129C8660}.Debug|Any CPU.Build.0 = Debug|Any CPU
		{5F9744E2-FD2F-4C64-9AD2-82D1129C8660}.Release|Any CPU.ActiveCfg = Release|Any CPU
		{5F9744E2-FD2F-4C64-9AD2-82D1129C8660}.Release|Any CPU.Build.0 = Release|Any CPU
		{675EAA92-18C3-46C5-8844-96F356CF1289}.Debug|Any CPU.ActiveCfg = Debug|Any CPU
		{675EAA92-18C3-46C5-8844-96F356CF1289}.Debug|Any CPU.Build.0 = Debug|Any CPU
		{675EAA92-18C3-46C5-8844-96F356CF1289}.Release|Any CPU.ActiveCfg = Release|Any CPU
		{675EAA92-18C3-46C5-8844-96F356CF1289}.Release|Any CPU.Build.0 = Release|Any CPU
		{6961E61C-B74F-480F-889F-182A2AE5309E}.Debug|Any CPU.ActiveCfg = Debug|Any CPU
		{6961E61C-B74F-480F-889F-182A2AE5309E}.Debug|Any CPU.Build.0 = Debug|Any CPU
		{6961E61C-B74F-480F-889F-182A2AE5309E}.Release|Any CPU.ActiveCfg = Release|Any CPU
		{6961E61C-B74F-480F-889F-182A2AE5309E}.Release|Any CPU.Build.0 = Release|Any CPU
	EndGlobalSection
	GlobalSection(SolutionProperties) = preSolution
		HideSolutionNode = FALSE
	EndGlobalSection
	GlobalSection(NestedProjects) = preSolution
		{859F75AD-4CC5-4F55-939A-2F7E7BEEF639} = {2E3A64AE-983D-465E-B560-4E038BAE2F29}
		{5A494207-E60E-4A9E-A515-D63E39B163A5} = {2E3A64AE-983D-465E-B560-4E038BAE2F29}
		{E1468236-24E6-46EB-8F46-5C57EDFB0AB0} = {2E3A64AE-983D-465E-B560-4E038BAE2F29}
		{2CDA28B9-D5D4-4BCF-AD67-5744000A4064} = {639B7410-5BEC-4923-B772-029F83B55381}
		{D8ACA61A-C24B-40F6-9428-A4E07EE41531} = {2CDA28B9-D5D4-4BCF-AD67-5744000A4064}
		{F79CB330-E381-484A-AAED-C0B92811ADE5} = {2CDA28B9-D5D4-4BCF-AD67-5744000A4064}
		{B0191CDA-7323-4F44-A93C-1046D3C37F01} = {639B7410-5BEC-4923-B772-029F83B55381}
		{FDF10105-57E3-4628-8EBD-6CC63AAD89D3} = {639B7410-5BEC-4923-B772-029F83B55381}
		{EE95FDE4-34B1-49FC-A6CA-4B17F7CA4335} = {C17E5757-2CCA-48FC-A339-AB61D50B7A8B}
		{6936B65F-E5D3-4485-8E41-53C62B1A67B5} = {C17E5757-2CCA-48FC-A339-AB61D50B7A8B}
		{D7CF01B5-A8E7-4BF7-A938-027A8DF8CF1E} = {C17E5757-2CCA-48FC-A339-AB61D50B7A8B}
		{3A5B72D7-213E-42FE-91A6-FCE7C3B84B25} = {C17E5757-2CCA-48FC-A339-AB61D50B7A8B}
		{93D77972-223C-4CB2-98D9-973F24446047} = {C17E5757-2CCA-48FC-A339-AB61D50B7A8B}
		{21461342-3CCD-40D3-B581-5C26A1ACF0A2} = {C17E5757-2CCA-48FC-A339-AB61D50B7A8B}
		{33DCE507-DE35-427C-863F-1DB80F309AC0} = {639B7410-5BEC-4923-B772-029F83B55381}
		{5F9744E2-FD2F-4C64-9AD2-82D1129C8660} = {639B7410-5BEC-4923-B772-029F83B55381}
		{675EAA92-18C3-46C5-8844-96F356CF1289} = {639B7410-5BEC-4923-B772-029F83B55381}
		{6961E61C-B74F-480F-889F-182A2AE5309E} = {639B7410-5BEC-4923-B772-029F83B55381}
	EndGlobalSection
	GlobalSection(ExtensibilityGlobals) = postSolution
		SolutionGuid = {973601E7-BEDD-4E86-AA4D-C27BE33376B7}
	EndGlobalSection
EndGlobal
